// !$*UTF8*$!
{
	archiveVersion = 1;
	classes = {
	};
	objectVersion = 55;
	objects = {

/* Begin PBXBuildFile section */
		070DFB872836243000FA185F /* Developer_CardsApp.swift in Sources */ = {isa = PBXBuildFile; fileRef = 070DFB862836243000FA185F /* Developer_CardsApp.swift */; };
		070DFB892836243000FA185F /* ContentView.swift in Sources */ = {isa = PBXBuildFile; fileRef = 070DFB882836243000FA185F /* ContentView.swift */; };
		070DFB8B2836243200FA185F /* Assets.xcassets in Resources */ = {isa = PBXBuildFile; fileRef = 070DFB8A2836243200FA185F /* Assets.xcassets */; };
		070DFB8E2836243200FA185F /* Preview Assets.xcassets in Resources */ = {isa = PBXBuildFile; fileRef = 070DFB8D2836243200FA185F /* Preview Assets.xcassets */; };
		070DFB952836264D00FA185F /* LaunchScreen.storyboard in Resources */ = {isa = PBXBuildFile; fileRef = 070DFB942836264D00FA185F /* LaunchScreen.storyboard */; };
		070DFB972836285700FA185F /* CardView.swift in Sources */ = {isa = PBXBuildFile; fileRef = 070DFB962836285700FA185F /* CardView.swift */; };
		070DFB9928362E7800FA185F /* CardModel.swift in Sources */ = {isa = PBXBuildFile; fileRef = 070DFB9828362E7800FA185F /* CardModel.swift */; };
		070DFB9B28362F4300FA185F /* CardData.swift in Sources */ = {isa = PBXBuildFile; fileRef = 070DFB9A28362F4300FA185F /* CardData.swift */; };
		070DFB9D283631EA00FA185F /* sound-chime.mp3 in Resources */ = {isa = PBXBuildFile; fileRef = 070DFB9C283631EA00FA185F /* sound-chime.mp3 */; };
		070DFB9F2836320900FA185F /* PlaySounds.swift in Sources */ = {isa = PBXBuildFile; fileRef = 070DFB9E2836320900FA185F /* PlaySounds.swift */; };
		070DFBA52836387300FA185F /* Stickers.xcassets in Resources */ = {isa = PBXBuildFile; fileRef = 070DFBA42836387300FA185F /* Stickers.xcassets */; };
		070DFBA92836387300FA185F /* stickers.appex in Embed App Extensions */ = {isa = PBXBuildFile; fileRef = 070DFBA22836387100FA185F /* stickers.appex */; settings = {ATTRIBUTES = (RemoveHeadersOnCopy, ); }; };
/* End PBXBuildFile section */

/* Begin PBXContainerItemProxy section */
		070DFBA72836387300FA185F /* PBXContainerItemProxy */ = {
			isa = PBXContainerItemProxy;
			containerPortal = 070DFB7B2836243000FA185F /* Project object */;
			proxyType = 1;
			remoteGlobalIDString = 070DFBA12836387100FA185F;
			remoteInfo = stickers;
		};
/* End PBXContainerItemProxy section */

/* Begin PBXCopyFilesBuildPhase section */
		070DFBAD2836387300FA185F /* Embed App Extensions */ = {
			isa = PBXCopyFilesBuildPhase;
			buildActionMask = 2147483647;
			dstPath = "";
			dstSubfolderSpec = 13;
			files = (
				070DFBA92836387300FA185F /* stickers.appex in Embed App Extensions */,
			);
			name = "Embed App Extensions";
			runOnlyForDeploymentPostprocessing = 0;
		};
/* End PBXCopyFilesBuildPhase section */

/* Begin PBXFileReference section */
		070DFB832836243000FA185F /* Developer Cards.app */ = {isa = PBXFileReference; explicitFileType = wrapper.application; includeInIndex = 0; path = "Developer Cards.app"; sourceTree = BUILT_PRODUCTS_DIR; };
		070DFB862836243000FA185F /* Developer_CardsApp.swift */ = {isa = PBXFileReference; lastKnownFileType = sourcecode.swift; path = Developer_CardsApp.swift; sourceTree = "<group>"; };
		070DFB882836243000FA185F /* ContentView.swift */ = {isa = PBXFileReference; lastKnownFileType = sourcecode.swift; path = ContentView.swift; sourceTree = "<group>"; };
		070DFB8A2836243200FA185F /* Assets.xcassets */ = {isa = PBXFileReference; lastKnownFileType = folder.assetcatalog; path = Assets.xcassets; sourceTree = "<group>"; };
		070DFB8D2836243200FA185F /* Preview Assets.xcassets */ = {isa = PBXFileReference; lastKnownFileType = folder.assetcatalog; path = "Preview Assets.xcassets"; sourceTree = "<group>"; };
		070DFB942836264D00FA185F /* LaunchScreen.storyboard */ = {isa = PBXFileReference; lastKnownFileType = file.storyboard; path = LaunchScreen.storyboard; sourceTree = "<group>"; };
		070DFB962836285700FA185F /* CardView.swift */ = {isa = PBXFileReference; lastKnownFileType = sourcecode.swift; path = CardView.swift; sourceTree = "<group>"; };
		070DFB9828362E7800FA185F /* CardModel.swift */ = {isa = PBXFileReference; lastKnownFileType = sourcecode.swift; path = CardModel.swift; sourceTree = "<group>"; };
		070DFB9A28362F4300FA185F /* CardData.swift */ = {isa = PBXFileReference; lastKnownFileType = sourcecode.swift; path = CardData.swift; sourceTree = "<group>"; };
		070DFB9C283631EA00FA185F /* sound-chime.mp3 */ = {isa = PBXFileReference; lastKnownFileType = audio.mp3; path = "sound-chime.mp3"; sourceTree = "<group>"; };
		070DFB9E2836320900FA185F /* PlaySounds.swift */ = {isa = PBXFileReference; lastKnownFileType = sourcecode.swift; path = PlaySounds.swift; sourceTree = "<group>"; };
		070DFBA22836387100FA185F /* stickers.appex */ = {isa = PBXFileReference; explicitFileType = "wrapper.app-extension"; includeInIndex = 0; path = stickers.appex; sourceTree = BUILT_PRODUCTS_DIR; };
		070DFBA42836387300FA185F /* Stickers.xcassets */ = {isa = PBXFileReference; lastKnownFileType = folder.assetcatalog; path = Stickers.xcassets; sourceTree = "<group>"; };
		070DFBA62836387300FA185F /* Info.plist */ = {isa = PBXFileReference; lastKnownFileType = text.plist.xml; path = Info.plist; sourceTree = "<group>"; };
		070DFBAE28363A4100FA185F /* Developer-Cards-Info.plist */ = {isa = PBXFileReference; lastKnownFileType = text.plist; path = "Developer-Cards-Info.plist"; sourceTree = SOURCE_ROOT; };
/* End PBXFileReference section */

/* Begin PBXFrameworksBuildPhase section */
		070DFB802836243000FA185F /* Frameworks */ = {
			isa = PBXFrameworksBuildPhase;
			buildActionMask = 2147483647;
			files = (
			);
			runOnlyForDeploymentPostprocessing = 0;
		};
/* End PBXFrameworksBuildPhase section */

/* Begin PBXGroup section */
		070DFB7A2836243000FA185F = {
			isa = PBXGroup;
			children = (
				070DFB852836243000FA185F /* Developer Cards */,
				070DFBA32836387100FA185F /* stickers */,
				070DFB842836243000FA185F /* Products */,
			);
			sourceTree = "<group>";
		};
		070DFB842836243000FA185F /* Products */ = {
			isa = PBXGroup;
			children = (
				070DFB832836243000FA185F /* Developer Cards.app */,
				070DFBA22836387100FA185F /* stickers.appex */,
			);
			name = Products;
			sourceTree = "<group>";
		};
		070DFB852836243000FA185F /* Developer Cards */ = {
			isa = PBXGroup;
			children = (
				070DFBAE28363A4100FA185F /* Developer-Cards-Info.plist */,
				070DFB9C283631EA00FA185F /* sound-chime.mp3 */,
				070DFB862836243000FA185F /* Developer_CardsApp.swift */,
				070DFB882836243000FA185F /* ContentView.swift */,
				070DFB9828362E7800FA185F /* CardModel.swift */,
				070DFB9A28362F4300FA185F /* CardData.swift */,
				070DFB8A2836243200FA185F /* Assets.xcassets */,
				070DFB8C2836243200FA185F /* Preview Content */,
				070DFB942836264D00FA185F /* LaunchScreen.storyboard */,
				070DFB962836285700FA185F /* CardView.swift */,
				070DFB9E2836320900FA185F /* PlaySounds.swift */,
			);
			path = "Developer Cards";
			sourceTree = "<group>";
		};
		070DFB8C2836243200FA185F /* Preview Content */ = {
			isa = PBXGroup;
			children = (
				070DFB8D2836243200FA185F /* Preview Assets.xcassets */,
			);
			path = "Preview Content";
			sourceTree = "<group>";
		};
		070DFBA32836387100FA185F /* stickers */ = {
			isa = PBXGroup;
			children = (
				070DFBA42836387300FA185F /* Stickers.xcassets */,
				070DFBA62836387300FA185F /* Info.plist */,
			);
			path = stickers;
			sourceTree = "<group>";
		};
/* End PBXGroup section */

/* Begin PBXNativeTarget section */
		070DFB822836243000FA185F /* Developer Cards */ = {
			isa = PBXNativeTarget;
			buildConfigurationList = 070DFB912836243200FA185F /* Build configuration list for PBXNativeTarget "Developer Cards" */;
			buildPhases = (
				070DFB7F2836243000FA185F /* Sources */,
				070DFB802836243000FA185F /* Frameworks */,
				070DFB812836243000FA185F /* Resources */,
				070DFBAD2836387300FA185F /* Embed App Extensions */,
			);
			buildRules = (
			);
			dependencies = (
				070DFBA82836387300FA185F /* PBXTargetDependency */,
			);
			name = "Developer Cards";
			productName = "Developer Cards";
			productReference = 070DFB832836243000FA185F /* Developer Cards.app */;
			productType = "com.apple.product-type.application";
		};
		070DFBA12836387100FA185F /* stickers */ = {
			isa = PBXNativeTarget;
			buildConfigurationList = 070DFBAA2836387300FA185F /* Build configuration list for PBXNativeTarget "stickers" */;
			buildPhases = (
				070DFBA02836387100FA185F /* Resources */,
			);
			buildRules = (
			);
			dependencies = (
			);
			name = stickers;
			productName = stickers;
			productReference = 070DFBA22836387100FA185F /* stickers.appex */;
			productType = "com.apple.product-type.app-extension.messages-sticker-pack";
		};
/* End PBXNativeTarget section */

/* Begin PBXProject section */
		070DFB7B2836243000FA185F /* Project object */ = {
			isa = PBXProject;
			attributes = {
				BuildIndependentTargetsInParallel = 1;
				LastSwiftUpdateCheck = 1340;
				LastUpgradeCheck = 1340;
				TargetAttributes = {
					070DFB822836243000FA185F = {
						CreatedOnToolsVersion = 13.4;
					};
					070DFBA12836387100FA185F = {
						CreatedOnToolsVersion = 13.4;
					};
				};
			};
			buildConfigurationList = 070DFB7E2836243000FA185F /* Build configuration list for PBXProject "Developer Cards" */;
			compatibilityVersion = "Xcode 13.0";
			developmentRegion = en;
			hasScannedForEncodings = 0;
			knownRegions = (
				en,
				Base,
			);
			mainGroup = 070DFB7A2836243000FA185F;
			productRefGroup = 070DFB842836243000FA185F /* Products */;
			projectDirPath = "";
			projectRoot = "";
			targets = (
				070DFB822836243000FA185F /* Developer Cards */,
				070DFBA12836387100FA185F /* stickers */,
			);
		};
/* End PBXProject section */

/* Begin PBXResourcesBuildPhase section */
		070DFB812836243000FA185F /* Resources */ = {
			isa = PBXResourcesBuildPhase;
			buildActionMask = 2147483647;
			files = (
				070DFB952836264D00FA185F /* LaunchScreen.storyboard in Resources */,
				070DFB9D283631EA00FA185F /* sound-chime.mp3 in Resources */,
				070DFB8E2836243200FA185F /* Preview Assets.xcassets in Resources */,
				070DFB8B2836243200FA185F /* Assets.xcassets in Resources */,
			);
			runOnlyForDeploymentPostprocessing = 0;
		};
		070DFBA02836387100FA185F /* Resources */ = {
			isa = PBXResourcesBuildPhase;
			buildActionMask = 2147483647;
			files = (
				070DFBA52836387300FA185F /* Stickers.xcassets in Resources */,
			);
			runOnlyForDeploymentPostprocessing = 0;
		};
/* End PBXResourcesBuildPhase section */

/* Begin PBXSourcesBuildPhase section */
		070DFB7F2836243000FA185F /* Sources */ = {
			isa = PBXSourcesBuildPhase;
			buildActionMask = 2147483647;
			files = (
				070DFB9B28362F4300FA185F /* CardData.swift in Sources */,
				070DFB9F2836320900FA185F /* PlaySounds.swift in Sources */,
				070DFB892836243000FA185F /* ContentView.swift in Sources */,
				070DFB9928362E7800FA185F /* CardModel.swift in Sources */,
				070DFB972836285700FA185F /* CardView.swift in Sources */,
				070DFB872836243000FA185F /* Developer_CardsApp.swift in Sources */,
			);
			runOnlyForDeploymentPostprocessing = 0;
		};
/* End PBXSourcesBuildPhase section */

/* Begin PBXTargetDependency section */
		070DFBA82836387300FA185F /* PBXTargetDependency */ = {
			isa = PBXTargetDependency;
			target = 070DFBA12836387100FA185F /* stickers */;
			targetProxy = 070DFBA72836387300FA185F /* PBXContainerItemProxy */;
		};
/* End PBXTargetDependency section */

/* Begin XCBuildConfiguration section */
		070DFB8F2836243200FA185F /* Debug */ = {
			isa = XCBuildConfiguration;
			buildSettings = {
				ALWAYS_SEARCH_USER_PATHS = NO;
				CLANG_ANALYZER_NONNULL = YES;
				CLANG_ANALYZER_NUMBER_OBJECT_CONVERSION = YES_AGGRESSIVE;
				CLANG_CXX_LANGUAGE_STANDARD = "gnu++17";
				CLANG_ENABLE_MODULES = YES;
				CLANG_ENABLE_OBJC_ARC = YES;
				CLANG_ENABLE_OBJC_WEAK = YES;
				CLANG_WARN_BLOCK_CAPTURE_AUTORELEASING = YES;
				CLANG_WARN_BOOL_CONVERSION = YES;
				CLANG_WARN_COMMA = YES;
				CLANG_WARN_CONSTANT_CONVERSION = YES;
				CLANG_WARN_DEPRECATED_OBJC_IMPLEMENTATIONS = YES;
				CLANG_WARN_DIRECT_OBJC_ISA_USAGE = YES_ERROR;
				CLANG_WARN_DOCUMENTATION_COMMENTS = YES;
				CLANG_WARN_EMPTY_BODY = YES;
				CLANG_WARN_ENUM_CONVERSION = YES;
				CLANG_WARN_INFINITE_RECURSION = YES;
				CLANG_WARN_INT_CONVERSION = YES;
				CLANG_WARN_NON_LITERAL_NULL_CONVERSION = YES;
				CLANG_WARN_OBJC_IMPLICIT_RETAIN_SELF = YES;
				CLANG_WARN_OBJC_LITERAL_CONVERSION = YES;
				CLANG_WARN_OBJC_ROOT_CLASS = YES_ERROR;
				CLANG_WARN_QUOTED_INCLUDE_IN_FRAMEWORK_HEADER = YES;
				CLANG_WARN_RANGE_LOOP_ANALYSIS = YES;
				CLANG_WARN_STRICT_PROTOTYPES = YES;
				CLANG_WARN_SUSPICIOUS_MOVE = YES;
				CLANG_WARN_UNGUARDED_AVAILABILITY = YES_AGGRESSIVE;
				CLANG_WARN_UNREACHABLE_CODE = YES;
				CLANG_WARN__DUPLICATE_METHOD_MATCH = YES;
				COPY_PHASE_STRIP = NO;
				DEBUG_INFORMATION_FORMAT = dwarf;
				ENABLE_STRICT_OBJC_MSGSEND = YES;
				ENABLE_TESTABILITY = YES;
				GCC_C_LANGUAGE_STANDARD = gnu11;
				GCC_DYNAMIC_NO_PIC = NO;
				GCC_NO_COMMON_BLOCKS = YES;
				GCC_OPTIMIZATION_LEVEL = 0;
				GCC_PREPROCESSOR_DEFINITIONS = (
					"DEBUG=1",
					"$(inherited)",
				);
				GCC_WARN_64_TO_32_BIT_CONVERSION = YES;
				GCC_WARN_ABOUT_RETURN_TYPE = YES_ERROR;
				GCC_WARN_UNDECLARED_SELECTOR = YES;
				GCC_WARN_UNINITIALIZED_AUTOS = YES_AGGRESSIVE;
				GCC_WARN_UNUSED_FUNCTION = YES;
				GCC_WARN_UNUSED_VARIABLE = YES;
				IPHONEOS_DEPLOYMENT_TARGET = 15.5;
				MTL_ENABLE_DEBUG_INFO = INCLUDE_SOURCE;
				MTL_FAST_MATH = YES;
				ONLY_ACTIVE_ARCH = YES;
				SDKROOT = iphoneos;
				SWIFT_ACTIVE_COMPILATION_CONDITIONS = DEBUG;
				SWIFT_OPTIMIZATION_LEVEL = "-Onone";
			};
			name = Debug;
		};
		070DFB902836243200FA185F /* Release */ = {
			isa = XCBuildConfiguration;
			buildSettings = {
				ALWAYS_SEARCH_USER_PATHS = NO;
				CLANG_ANALYZER_NONNULL = YES;
				CLANG_ANALYZER_NUMBER_OBJECT_CONVERSION = YES_AGGRESSIVE;
				CLANG_CXX_LANGUAGE_STANDARD = "gnu++17";
				CLANG_ENABLE_MODULES = YES;
				CLANG_ENABLE_OBJC_ARC = YES;
				CLANG_ENABLE_OBJC_WEAK = YES;
				CLANG_WARN_BLOCK_CAPTURE_AUTORELEASING = YES;
				CLANG_WARN_BOOL_CONVERSION = YES;
				CLANG_WARN_COMMA = YES;
				CLANG_WARN_CONSTANT_CONVERSION = YES;
				CLANG_WARN_DEPRECATED_OBJC_IMPLEMENTATIONS = YES;
				CLANG_WARN_DIRECT_OBJC_ISA_USAGE = YES_ERROR;
				CLANG_WARN_DOCUMENTATION_COMMENTS = YES;
				CLANG_WARN_EMPTY_BODY = YES;
				CLANG_WARN_ENUM_CONVERSION = YES;
				CLANG_WARN_INFINITE_RECURSION = YES;
				CLANG_WARN_INT_CONVERSION = YES;
				CLANG_WARN_NON_LITERAL_NULL_CONVERSION = YES;
				CLANG_WARN_OBJC_IMPLICIT_RETAIN_SELF = YES;
				CLANG_WARN_OBJC_LITERAL_CONVERSION = YES;
				CLANG_WARN_OBJC_ROOT_CLASS = YES_ERROR;
				CLANG_WARN_QUOTED_INCLUDE_IN_FRAMEWORK_HEADER = YES;
				CLANG_WARN_RANGE_LOOP_ANALYSIS = YES;
				CLANG_WARN_STRICT_PROTOTYPES = YES;
				CLANG_WARN_SUSPICIOUS_MOVE = YES;
				CLANG_WARN_UNGUARDED_AVAILABILITY = YES_AGGRESSIVE;
				CLANG_WARN_UNREACHABLE_CODE = YES;
				CLANG_WARN__DUPLICATE_METHOD_MATCH = YES;
				COPY_PHASE_STRIP = NO;
				DEBUG_INFORMATION_FORMAT = "dwarf-with-dsym";
				ENABLE_NS_ASSERTIONS = NO;
				ENABLE_STRICT_OBJC_MSGSEND = YES;
				GCC_C_LANGUAGE_STANDARD = gnu11;
				GCC_NO_COMMON_BLOCKS = YES;
				GCC_WARN_64_TO_32_BIT_CONVERSION = YES;
				GCC_WARN_ABOUT_RETURN_TYPE = YES_ERROR;
				GCC_WARN_UNDECLARED_SELECTOR = YES;
				GCC_WARN_UNINITIALIZED_AUTOS = YES_AGGRESSIVE;
				GCC_WARN_UNUSED_FUNCTION = YES;
				GCC_WARN_UNUSED_VARIABLE = YES;
				IPHONEOS_DEPLOYMENT_TARGET = 15.5;
				MTL_ENABLE_DEBUG_INFO = NO;
				MTL_FAST_MATH = YES;
				SDKROOT = iphoneos;
				SWIFT_COMPILATION_MODE = wholemodule;
				SWIFT_OPTIMIZATION_LEVEL = "-O";
				VALIDATE_PRODUCT = YES;
			};
			name = Release;
		};
		070DFB922836243200FA185F /* Debug */ = {
			isa = XCBuildConfiguration;
			buildSettings = {
				ASSETCATALOG_COMPILER_APPICON_NAME = AppIcon;
				ASSETCATALOG_COMPILER_GLOBAL_ACCENT_COLOR_NAME = AccentColor;
				CODE_SIGN_STYLE = Automatic;
				CURRENT_PROJECT_VERSION = 1;
				DEVELOPMENT_ASSET_PATHS = "\"Developer Cards/Preview Content\"";
				DEVELOPMENT_TEAM = HK6822P437;
				ENABLE_PREVIEWS = YES;
				GENERATE_INFOPLIST_FILE = YES;
				INFOPLIST_FILE = "Developer-Cards-Info.plist";
				INFOPLIST_KEY_UIApplicationSceneManifest_Generation = YES;
				INFOPLIST_KEY_UIApplicationSupportsIndirectInputEvents = YES;
				INFOPLIST_KEY_UISupportedInterfaceOrientations_iPad = "UIInterfaceOrientationPortrait UIInterfaceOrientationPortraitUpsideDown UIInterfaceOrientationLandscapeLeft UIInterfaceOrientationLandscapeRight";
				INFOPLIST_KEY_UISupportedInterfaceOrientations_iPhone = "UIInterfaceOrientationPortrait UIInterfaceOrientationLandscapeLeft UIInterfaceOrientationLandscapeRight";
				LD_RUNPATH_SEARCH_PATHS = (
					"$(inherited)",
					"@executable_path/Frameworks",
				);
				MARKETING_VERSION = 1.0;
				PRODUCT_BUNDLE_IDENTIFIER = "com.amanx.Developer-Cards";
				PRODUCT_NAME = "$(TARGET_NAME)";
				SWIFT_EMIT_LOC_STRINGS = YES;
				SWIFT_VERSION = 5.0;
				TARGETED_DEVICE_FAMILY = "1,2";
			};
			name = Debug;
		};
		070DFB932836243200FA185F /* Release */ = {
			isa = XCBuildConfiguration;
			buildSettings = {
				ASSETCATALOG_COMPILER_APPICON_NAME = AppIcon;
				ASSETCATALOG_COMPILER_GLOBAL_ACCENT_COLOR_NAME = AccentColor;
				CODE_SIGN_STYLE = Automatic;
				CURRENT_PROJECT_VERSION = 1;
				DEVELOPMENT_ASSET_PATHS = "\"Developer Cards/Preview Content\"";
				DEVELOPMENT_TEAM = HK6822P437;
				ENABLE_PREVIEWS = YES;
				GENERATE_INFOPLIST_FILE = YES;
				INFOPLIST_FILE = "Developer-Cards-Info.plist";
				INFOPLIST_KEY_UIApplicationSceneManifest_Generation = YES;
				INFOPLIST_KEY_UIApplicationSupportsIndirectInputEvents = YES;
				INFOPLIST_KEY_UISupportedInterfaceOrientations_iPad = "UIInterfaceOrientationPortrait UIInterfaceOrientationPortraitUpsideDown UIInterfaceOrientationLandscapeLeft UIInterfaceOrientationLandscapeRight";
				INFOPLIST_KEY_UISupportedInterfaceOrientations_iPhone = "UIInterfaceOrientationPortrait UIInterfaceOrientationLandscapeLeft UIInterfaceOrientationLandscapeRight";
				LD_RUNPATH_SEARCH_PATHS = (
					"$(inherited)",
					"@executable_path/Frameworks",
				);
				MARKETING_VERSION = 1.0;
				PRODUCT_BUNDLE_IDENTIFIER = "com.amanx.Developer-Cards";
				PRODUCT_NAME = "$(TARGET_NAME)";
				SWIFT_EMIT_LOC_STRINGS = YES;
				SWIFT_VERSION = 5.0;
				TARGETED_DEVICE_FAMILY = "1,2";
			};
			name = Release;
		};
		070DFBAB2836387300FA185F /* Debug */ = {
			isa = XCBuildConfiguration;
			buildSettings = {
				ASSETCATALOG_COMPILER_APPICON_NAME = "iMessage App Icon";
				CODE_SIGN_STYLE = Automatic;
				CURRENT_PROJECT_VERSION = 1;
				DEVELOPMENT_TEAM = HK6822P437;
				GENERATE_INFOPLIST_FILE = YES;
				INFOPLIST_FILE = stickers/Info.plist;
				INFOPLIST_KEY_CFBundleDisplayName = "Developer Cards";
				IPHONEOS_DEPLOYMENT_TARGET = 10.0;
				MARKETING_VERSION = 1.0;
				PRODUCT_BUNDLE_IDENTIFIER = "com.amanx.Developer-Cards.stickers";
				PRODUCT_NAME = "$(TARGET_NAME)";
				SKIP_INSTALL = YES;
				SWIFT_EMIT_LOC_STRINGS = YES;
				TARGETED_DEVICE_FAMILY = "1,2";
			};
			name = Debug;
		};
		070DFBAC2836387300FA185F /* Release */ = {
			isa = XCBuildConfiguration;
			buildSettings = {
				ASSETCATALOG_COMPILER_APPICON_NAME = "iMessage App Icon";
				CODE_SIGN_STYLE = Automatic;
				CURRENT_PROJECT_VERSION = 1;
				DEVELOPMENT_TEAM = HK6822P437;
				GENERATE_INFOPLIST_FILE = YES;
				INFOPLIST_FILE = stickers/Info.plist;
				INFOPLIST_KEY_CFBundleDisplayName = "Developer Cards";
				IPHONEOS_DEPLOYMENT_TARGET = 10.0;
				MARKETING_VERSION = 1.0;
				PRODUCT_BUNDLE_IDENTIFIER = "com.amanx.Developer-Cards.stickers";
				PRODUCT_NAME = "$(TARGET_NAME)";
				SKIP_INSTALL = YES;
				SWIFT_EMIT_LOC_STRINGS = YES;
				TARGETED_DEVICE_FAMILY = "1,2";
			};
			name = Release;
		};
/* End XCBuildConfiguration section */

/* Begin XCConfigurationList section */
		070DFB7E2836243000FA185F /* Build configuration list for PBXProject "Developer Cards" */ = {
			isa = XCConfigurationList;
			buildConfigurations = (
				070DFB8F2836243200FA185F /* Debug */,
				070DFB902836243200FA185F /* Release */,
			);
			defaultConfigurationIsVisible = 0;
			defaultConfigurationName = Release;
		};
		070DFB912836243200FA185F /* Build configuration list for PBXNativeTarget "Developer Cards" */ = {
			isa = XCConfigurationList;
			buildConfigurations = (
				070DFB922836243200FA185F /* Debug */,
				070DFB932836243200FA185F /* Release */,
			);
			defaultConfigurationIsVisible = 0;
			defaultConfigurationName = Release;
		};
		070DFBAA2836387300FA185F /* Build configuration list for PBXNativeTarget "stickers" */ = {
			isa = XCConfigurationList;
			buildConfigurations = (
				070DFBAB2836387300FA185F /* Debug */,
				070DFBAC2836387300FA185F /* Release */,
			);
			defaultConfigurationIsVisible = 0;
			defaultConfigurationName = Release;
		};
/* End XCConfigurationList section */
	};
	rootObject = 070DFB7B2836243000FA185F /* Project object */;
}
